{
    "_meta": {
        "hash": {
            "sha256": "0771cd9593a0d6d6361272f9f1d43b796ad3d5e63d42a56a74787b7f65b19e4f"
        },
        "pipfile-spec": 6,
        "requires": {
            "python_version": "3.13"
        },
        "sources": [
            {
                "name": "pypi",
                "url": "https://pypi.org/simple",
                "verify_ssl": true
            }
        ]
    },
    "default": {
        "cffi": {
            "hashes": [
                "sha256:045d61c734659cc045141be4bae381a41d89b741f795af1dd018bfb532fd0df8",
                "sha256:0984a4925a435b1da406122d4d7968dd861c1385afe3b45ba82b750f229811e2",
                "sha256:0e2b1fac190ae3ebfe37b979cc1ce69c81f4e4fe5746bb401dca63a9062cdaf1",
                "sha256:0f048dcf80db46f0098ccac01132761580d28e28bc0f78ae0d58048063317e15",
                "sha256:1257bdabf294dceb59f5e70c64a3e2f462c30c7ad68092d01bbbfb1c16b1ba36",
                "sha256:1c39c6016c32bc48dd54561950ebd6836e1670f2ae46128f67cf49e789c52824",
                "sha256:1d599671f396c4723d016dbddb72fe8e0397082b0a77a4fab8028923bec050e8",
                "sha256:28b16024becceed8c6dfbc75629e27788d8a3f9030691a1dbf9821a128b22c36",
                "sha256:2bb1a08b8008b281856e5971307cc386a8e9c5b625ac297e853d36da6efe9c17",
                "sha256:30c5e0cb5ae493c04c8b42916e52ca38079f1b235c2f8ae5f4527b963c401caf",
                "sha256:31000ec67d4221a71bd3f67df918b1f88f676f1c3b535a7eb473255fdc0b83fc",
                "sha256:386c8bf53c502fff58903061338ce4f4950cbdcb23e2902d86c0f722b786bbe3",
                "sha256:3edc8d958eb099c634dace3c7e16560ae474aa3803a5df240542b305d14e14ed",
                "sha256:45398b671ac6d70e67da8e4224a065cec6a93541bb7aebe1b198a61b58c7b702",
                "sha256:46bf43160c1a35f7ec506d254e5c890f3c03648a4dbac12d624e4490a7046cd1",
                "sha256:4ceb10419a9adf4460ea14cfd6bc43d08701f0835e979bf821052f1805850fe8",
                "sha256:51392eae71afec0d0c8fb1a53b204dbb3bcabcb3c9b807eedf3e1e6ccf2de903",
                "sha256:5da5719280082ac6bd9aa7becb3938dc9f9cbd57fac7d2871717b1feb0902ab6",
                "sha256:610faea79c43e44c71e1ec53a554553fa22321b65fae24889706c0a84d4ad86d",
                "sha256:636062ea65bd0195bc012fea9321aca499c0504409f413dc88af450b57ffd03b",
                "sha256:6883e737d7d9e4899a8a695e00ec36bd4e5e4f18fabe0aca0efe0a4b44cdb13e",
                "sha256:6b8b4a92e1c65048ff98cfe1f735ef8f1ceb72e3d5f0c25fdb12087a23da22be",
                "sha256:6f17be4345073b0a7b8ea599688f692ac3ef23ce28e5df79c04de519dbc4912c",
                "sha256:706510fe141c86a69c8ddc029c7910003a17353970cff3b904ff0686a5927683",
                "sha256:72e72408cad3d5419375fc87d289076ee319835bdfa2caad331e377589aebba9",
                "sha256:733e99bc2df47476e3848417c5a4540522f234dfd4ef3ab7fafdf555b082ec0c",
                "sha256:7596d6620d3fa590f677e9ee430df2958d2d6d6de2feeae5b20e82c00b76fbf8",
                "sha256:78122be759c3f8a014ce010908ae03364d00a1f81ab5c7f4a7a5120607ea56e1",
                "sha256:805b4371bf7197c329fcb3ead37e710d1bca9da5d583f5073b799d5c5bd1eee4",
                "sha256:85a950a4ac9c359340d5963966e3e0a94a676bd6245a4b55bc43949eee26a655",
                "sha256:8f2cdc858323644ab277e9bb925ad72ae0e67f69e804f4898c070998d50b1a67",
                "sha256:9755e4345d1ec879e3849e62222a18c7174d65a6a92d5b346b1863912168b595",
                "sha256:98e3969bcff97cae1b2def8ba499ea3d6f31ddfdb7635374834cf89a1a08ecf0",
                "sha256:a08d7e755f8ed21095a310a693525137cfe756ce62d066e53f502a83dc550f65",
                "sha256:a1ed2dd2972641495a3ec98445e09766f077aee98a1c896dcb4ad0d303628e41",
                "sha256:a24ed04c8ffd54b0729c07cee15a81d964e6fee0e3d4d342a27b020d22959dc6",
                "sha256:a45e3c6913c5b87b3ff120dcdc03f6131fa0065027d0ed7ee6190736a74cd401",
                "sha256:a9b15d491f3ad5d692e11f6b71f7857e7835eb677955c00cc0aefcd0669adaf6",
                "sha256:ad9413ccdeda48c5afdae7e4fa2192157e991ff761e7ab8fdd8926f40b160cc3",
                "sha256:b2ab587605f4ba0bf81dc0cb08a41bd1c0a5906bd59243d56bad7668a6fc6c16",
                "sha256:b62ce867176a75d03a665bad002af8e6d54644fad99a3c70905c543130e39d93",
                "sha256:c03e868a0b3bc35839ba98e74211ed2b05d2119be4e8a0f224fba9384f1fe02e",
                "sha256:c59d6e989d07460165cc5ad3c61f9fd8f1b4796eacbd81cee78957842b834af4",
                "sha256:c7eac2ef9b63c79431bc4b25f1cd649d7f061a28808cbc6c47b534bd789ef964",
                "sha256:c9c3d058ebabb74db66e431095118094d06abf53284d9c81f27300d0e0d8bc7c",
                "sha256:ca74b8dbe6e8e8263c0ffd60277de77dcee6c837a3d0881d8c1ead7268c9e576",
                "sha256:caaf0640ef5f5517f49bc275eca1406b0ffa6aa184892812030f04c2abf589a0",
                "sha256:cdf5ce3acdfd1661132f2a9c19cac174758dc2352bfe37d98aa7512c6b7178b3",
                "sha256:d016c76bdd850f3c626af19b0542c9677ba156e4ee4fccfdd7848803533ef662",
                "sha256:d01b12eeeb4427d3110de311e1774046ad344f5b1a7403101878976ecd7a10f3",
                "sha256:d63afe322132c194cf832bfec0dc69a99fb9bb6bbd550f161a49e9e855cc78ff",
                "sha256:da95af8214998d77a98cc14e3a3bd00aa191526343078b530ceb0bd710fb48a5",
                "sha256:dd398dbc6773384a17fe0d3e7eeb8d1a21c2200473ee6806bb5e6a8e62bb73dd",
                "sha256:de2ea4b5833625383e464549fec1bc395c1bdeeb5f25c4a3a82b5a8c756ec22f",
                "sha256:de55b766c7aa2e2a3092c51e0483d700341182f08e67c63630d5b6f200bb28e5",
                "sha256:df8b1c11f177bc2313ec4b2d46baec87a5f3e71fc8b45dab2ee7cae86d9aba14",
                "sha256:e03eab0a8677fa80d646b5ddece1cbeaf556c313dcfac435ba11f107ba117b5d",
                "sha256:e221cf152cff04059d011ee126477f0d9588303eb57e88923578ace7baad17f9",
                "sha256:e31ae45bc2e29f6b2abd0de1cc3b9d5205aa847cafaecb8af1476a609a2f6eb7",
                "sha256:edae79245293e15384b51f88b00613ba9f7198016a5948b5dddf4917d4d26382",
                "sha256:f1e22e8c4419538cb197e4dd60acc919d7696e5ef98ee4da4e01d3f8cfa4cc5a",
                "sha256:f3a2b4222ce6b60e2e8b337bb9596923045681d71e5a082783484d845390938e",
                "sha256:f6a16c31041f09ead72d69f583767292f750d24913dadacf5756b966aacb3f1a",
                "sha256:f75c7ab1f9e4aca5414ed4d8e5c0e303a34f4421f8a0d47a4d019ceff0ab6af4",
                "sha256:f79fc4fc25f1c8698ff97788206bb3c2598949bfe0fef03d299eb1b5356ada99",
                "sha256:f7f5baafcc48261359e14bcd6d9bff6d4b28d9103847c9e136694cb0501aef87",
                "sha256:fc48c783f9c87e60831201f2cce7f3b2e4846bf4d8728eabe54d60700b318a0b"
            ],
            "markers": "python_version >= '3.8'",
            "version": "==1.17.1"
        },
        "cryptography": {
            "hashes": [
                "sha256:1923cb251c04be85eec9fda837661c67c1049063305d6be5721643c22dd4e2b7",
                "sha256:37d76e6863da3774cd9db5b409a9ecfd2c71c981c38788d3fcfaf177f447b731",
                "sha256:3c672a53c0fb4725a29c303be906d3c1fa99c32f58abe008a82705f9ee96f40b",
                "sha256:404fdc66ee5f83a1388be54300ae978b2efd538018de18556dde92575e05defc",
                "sha256:4ac4c9f37eba52cb6fbeaf5b59c152ea976726b865bd4cf87883a7e7006cc543",
                "sha256:62901fb618f74d7d81bf408c8719e9ec14d863086efe4185afd07c352aee1d2c",
                "sha256:660cb7312a08bc38be15b696462fa7cc7cd85c3ed9c576e81f4dc4d8b2b31591",
                "sha256:708ee5f1bafe76d041b53a4f95eb28cdeb8d18da17e597d46d7833ee59b97ede",
                "sha256:761817a3377ef15ac23cd7834715081791d4ec77f9297ee694ca1ee9c2c7e5eb",
                "sha256:831c3c4d0774e488fdc83a1923b49b9957d33287de923d58ebd3cec47a0ae43f",
                "sha256:84111ad4ff3f6253820e6d3e58be2cc2a00adb29335d4cacb5ab4d4d34f2a123",
                "sha256:8b3e6eae66cf54701ee7d9c83c30ac0a1e3fa17be486033000f2a73a12ab507c",
                "sha256:9e6fc8a08e116fb7c7dd1f040074c9d7b51d74a8ea40d4df2fc7aa08b76b9e6c",
                "sha256:a01956ddfa0a6790d594f5b34fc1bfa6098aca434696a03cfdbe469b8ed79285",
                "sha256:abc998e0c0eee3c8a1904221d3f67dcfa76422b23620173e28c11d3e626c21bd",
                "sha256:b15492a11f9e1b62ba9d73c210e2416724633167de94607ec6069ef724fad092",
                "sha256:be4ce505894d15d5c5037167ffb7f0ae90b7be6f2a98f9a5c3442395501c32fa",
                "sha256:c5eb858beed7835e5ad1faba59e865109f3e52b3783b9ac21e7e47dc5554e289",
                "sha256:cd4e834f340b4293430701e772ec543b0fbe6c2dea510a5286fe0acabe153a02",
                "sha256:d2436114e46b36d00f8b72ff57e598978b37399d2786fd39793c36c6d5cb1c64",
                "sha256:eb33480f1bad5b78233b0ad3e1b0be21e8ef1da745d8d2aecbb20671658b9053",
                "sha256:eca27345e1214d1b9f9490d200f9db5a874479be914199194e746c893788d417",
                "sha256:ed3534eb1090483c96178fcb0f8893719d96d5274dfde98aa6add34614e97c8e",
                "sha256:f3f6fdfa89ee2d9d496e2c087cebef9d4fcbb0ad63c40e821b39f74bf48d9c5e",
                "sha256:f53c2c87e0fb4b0c00fa9571082a057e37690a8f12233306161c8f4b819960b7",
                "sha256:f5e7cb1e5e56ca0933b4873c0220a78b773b24d40d186b6738080b73d3d0a756",
                "sha256:f677e1268c4e23420c3acade68fac427fffcb8d19d7df95ed7ad17cdef8404f4"
            ],
            "index": "pypi",
            "markers": "python_version >= '3.7' and python_full_version not in '3.9.0, 3.9.1'",
            "version": "==44.0.0"
        },
        "docopt": {
            "hashes": [
                "sha256:49b3a825280bd66b3aa83585ef59c4a8c82f2c8a522dbe754a8bc8d08c85c491"
            ],
            "index": "pypi",
            "version": "==0.6.2"
        },
        "pillow": {
            "hashes": [
                "sha256:015c6e863faa4779251436db398ae75051469f7c903b043a48f078e437656f83",
                "sha256:0a2f91f8a8b367e7a57c6e91cd25af510168091fb89ec5146003e424e1558a96",
                "sha256:11633d58b6ee5733bde153a8dafd25e505ea3d32e261accd388827ee987baf65",
                "sha256:2062ffb1d36544d42fcaa277b069c88b01bb7298f4efa06731a7fd6cc290b81a",
                "sha256:31eba6bbdd27dde97b0174ddf0297d7a9c3a507a8a1480e1e60ef914fe23d352",
                "sha256:3362c6ca227e65c54bf71a5f88b3d4565ff1bcbc63ae72c34b07bbb1cc59a43f",
                "sha256:368da70808b36d73b4b390a8ffac11069f8a5c85f29eff1f1b01bcf3ef5b2a20",
                "sha256:36ba10b9cb413e7c7dfa3e189aba252deee0602c86c309799da5a74009ac7a1c",
                "sha256:3764d53e09cdedd91bee65c2527815d315c6b90d7b8b79759cc48d7bf5d4f114",
                "sha256:3a5fe20a7b66e8135d7fd617b13272626a28278d0e578c98720d9ba4b2439d49",
                "sha256:3cdcdb0b896e981678eee140d882b70092dac83ac1cdf6b3a60e2216a73f2b91",
                "sha256:4637b88343166249fe8aa94e7c4a62a180c4b3898283bb5d3d2fd5fe10d8e4e0",
                "sha256:4db853948ce4e718f2fc775b75c37ba2efb6aaea41a1a5fc57f0af59eee774b2",
                "sha256:4dd43a78897793f60766563969442020e90eb7847463eca901e41ba186a7d4a5",
                "sha256:54251ef02a2309b5eec99d151ebf5c9904b77976c8abdcbce7891ed22df53884",
                "sha256:54ce1c9a16a9561b6d6d8cb30089ab1e5eb66918cb47d457bd996ef34182922e",
                "sha256:593c5fd6be85da83656b93ffcccc2312d2d149d251e98588b14fbc288fd8909c",
                "sha256:5bb94705aea800051a743aa4874bb1397d4695fb0583ba5e425ee0328757f196",
                "sha256:67cd427c68926108778a9005f2a04adbd5e67c442ed21d95389fe1d595458756",
                "sha256:70ca5ef3b3b1c4a0812b5c63c57c23b63e53bc38e758b37a951e5bc466449861",
                "sha256:73ddde795ee9b06257dac5ad42fcb07f3b9b813f8c1f7f870f402f4dc54b5269",
                "sha256:758e9d4ef15d3560214cddbc97b8ef3ef86ce04d62ddac17ad39ba87e89bd3b1",
                "sha256:7d33d2fae0e8b170b6a6c57400e077412240f6f5bb2a342cf1ee512a787942bb",
                "sha256:7fdadc077553621911f27ce206ffcbec7d3f8d7b50e0da39f10997e8e2bb7f6a",
                "sha256:8000376f139d4d38d6851eb149b321a52bb8893a88dae8ee7d95840431977081",
                "sha256:837060a8599b8f5d402e97197d4924f05a2e0d68756998345c829c33186217b1",
                "sha256:89dbdb3e6e9594d512780a5a1c42801879628b38e3efc7038094430844e271d8",
                "sha256:8c730dc3a83e5ac137fbc92dfcfe1511ce3b2b5d7578315b63dbbb76f7f51d90",
                "sha256:8e275ee4cb11c262bd108ab2081f750db2a1c0b8c12c1897f27b160c8bd57bbc",
                "sha256:9044b5e4f7083f209c4e35aa5dd54b1dd5b112b108648f5c902ad586d4f945c5",
                "sha256:93a18841d09bcdd774dcdc308e4537e1f867b3dec059c131fde0327899734aa1",
                "sha256:9409c080586d1f683df3f184f20e36fb647f2e0bc3988094d4fd8c9f4eb1b3b3",
                "sha256:96f82000e12f23e4f29346e42702b6ed9a2f2fea34a740dd5ffffcc8c539eb35",
                "sha256:9aa9aeddeed452b2f616ff5507459e7bab436916ccb10961c4a382cd3e03f47f",
                "sha256:9ee85f0696a17dd28fbcfceb59f9510aa71934b483d1f5601d1030c3c8304f3c",
                "sha256:a07dba04c5e22824816b2615ad7a7484432d7f540e6fa86af60d2de57b0fcee2",
                "sha256:a3cd561ded2cf2bbae44d4605837221b987c216cff94f49dfeed63488bb228d2",
                "sha256:a697cd8ba0383bba3d2d3ada02b34ed268cb548b369943cd349007730c92bddf",
                "sha256:a76da0a31da6fcae4210aa94fd779c65c75786bc9af06289cd1c184451ef7a65",
                "sha256:a85b653980faad27e88b141348707ceeef8a1186f75ecc600c395dcac19f385b",
                "sha256:a8d65b38173085f24bc07f8b6c505cbb7418009fa1a1fcb111b1f4961814a442",
                "sha256:aa8dd43daa836b9a8128dbe7d923423e5ad86f50a7a14dc688194b7be5c0dea2",
                "sha256:ab8a209b8485d3db694fa97a896d96dd6533d63c22829043fd9de627060beade",
                "sha256:abc56501c3fd148d60659aae0af6ddc149660469082859fa7b066a298bde9482",
                "sha256:ad5db5781c774ab9a9b2c4302bbf0c1014960a0a7be63278d13ae6fdf88126fe",
                "sha256:ae98e14432d458fc3de11a77ccb3ae65ddce70f730e7c76140653048c71bfcbc",
                "sha256:b20be51b37a75cc54c2c55def3fa2c65bb94ba859dde241cd0a4fd302de5ae0a",
                "sha256:b523466b1a31d0dcef7c5be1f20b942919b62fd6e9a9be199d035509cbefc0ec",
                "sha256:b5d658fbd9f0d6eea113aea286b21d3cd4d3fd978157cbf2447a6035916506d3",
                "sha256:b6123aa4a59d75f06e9dd3dac5bf8bc9aa383121bb3dd9a7a612e05eabc9961a",
                "sha256:bd165131fd51697e22421d0e467997ad31621b74bfc0b75956608cb2906dda07",
                "sha256:bf902d7413c82a1bfa08b06a070876132a5ae6b2388e2712aab3a7cbc02205c6",
                "sha256:c12fc111ef090845de2bb15009372175d76ac99969bdf31e2ce9b42e4b8cd88f",
                "sha256:c1eec9d950b6fe688edee07138993e54ee4ae634c51443cfb7c1e7613322718e",
                "sha256:c640e5a06869c75994624551f45e5506e4256562ead981cce820d5ab39ae2192",
                "sha256:cc1331b6d5a6e144aeb5e626f4375f5b7ae9934ba620c0ac6b3e43d5e683a0f0",
                "sha256:cfd5cd998c2e36a862d0e27b2df63237e67273f2fc78f47445b14e73a810e7e6",
                "sha256:d3d8da4a631471dfaf94c10c85f5277b1f8e42ac42bade1ac67da4b4a7359b73",
                "sha256:d44ff19eea13ae4acdaaab0179fa68c0c6f2f45d66a4d8ec1eda7d6cecbcc15f",
                "sha256:dd0052e9db3474df30433f83a71b9b23bd9e4ef1de13d92df21a52c0303b8ab6",
                "sha256:dd0e081319328928531df7a0e63621caf67652c8464303fd102141b785ef9547",
                "sha256:dda60aa465b861324e65a78c9f5cf0f4bc713e4309f83bc387be158b077963d9",
                "sha256:e06695e0326d05b06833b40b7ef477e475d0b1ba3a6d27da1bb48c23209bf457",
                "sha256:e1abe69aca89514737465752b4bcaf8016de61b3be1397a8fc260ba33321b3a8",
                "sha256:e267b0ed063341f3e60acd25c05200df4193e15a4a5807075cd71225a2386e26",
                "sha256:e5449ca63da169a2e6068dd0e2fcc8d91f9558aba89ff6d02121ca8ab11e79e5",
                "sha256:e63e4e5081de46517099dc30abe418122f54531a6ae2ebc8680bcd7096860eab",
                "sha256:f189805c8be5ca5add39e6f899e6ce2ed824e65fb45f3c28cb2841911da19070",
                "sha256:f7955ecf5609dee9442cbface754f2c6e541d9e6eda87fad7f7a989b0bdb9d71",
                "sha256:f86d3a7a9af5d826744fabf4afd15b9dfef44fe69a98541f666f66fbb8d3fef9",
                "sha256:fbd43429d0d7ed6533b25fc993861b8fd512c42d04514a0dd6337fb3ccf22761"
            ],
            "index": "pypi",
            "markers": "python_version >= '3.9'",
            "version": "==11.1.0"
        },
        "pycparser": {
            "hashes": [
                "sha256:491c8be9c040f5390f5bf44a5b07752bd07f56edf992381b05c701439eec10f6",
                "sha256:c3702b6d3dd8c7abc1afa565d7e63d53a1d0bd86cdc24edd75470f4de499cfcc"
            ],
            "markers": "python_version >= '3.8'",
            "version": "==2.22"
        },
        "pycryptodome": {
            "hashes": [
                "sha256:0714206d467fc911042d01ea3a1847c847bc10884cf674c82e12915cfe1649f8",
                "sha256:0fa0a05a6a697ccbf2a12cec3d6d2650b50881899b845fac6e87416f8cb7e87d",
                "sha256:0fd54003ec3ce4e0f16c484a10bc5d8b9bd77fa662a12b85779a2d2d85d67ee0",
                "sha256:18caa8cfbc676eaaf28613637a89980ad2fd96e00c564135bf90bc3f0b34dd93",
                "sha256:2480ec2c72438430da9f601ebc12c518c093c13111a5c1644c82cdfc2e50b1e4",
                "sha256:26412b21df30b2861424a6c6d5b1d8ca8107612a4cfa4d0183e71c5d200fb34a",
                "sha256:280b67d20e33bb63171d55b1067f61fbd932e0b1ad976b3a184303a3dad22764",
                "sha256:2cb635b67011bc147c257e61ce864879ffe6d03342dc74b6045059dfbdedafca",
                "sha256:2de4b7263a33947ff440412339cb72b28a5a4c769b5c1ca19e33dd6cd1dcec6e",
                "sha256:3ba4cc304eac4d4d458f508d4955a88ba25026890e8abff9b60404f76a62c55e",
                "sha256:4c26a2f0dc15f81ea3afa3b0c87b87e501f235d332b7f27e2225ecb80c0b1cdd",
                "sha256:590ef0898a4b0a15485b05210b4a1c9de8806d3ad3d47f74ab1dc07c67a6827f",
                "sha256:5dfafca172933506773482b0e18f0cd766fd3920bd03ec85a283df90d8a17bc6",
                "sha256:6cce52e196a5f1d6797ff7946cdff2038d3b5f0aba4a43cb6bf46b575fd1b5bb",
                "sha256:7cb087b8612c8a1a14cf37dd754685be9a8d9869bed2ffaaceb04850a8aeef7e",
                "sha256:7d85c1b613121ed3dbaa5a97369b3b757909531a959d229406a75b912dd51dd1",
                "sha256:7ee86cbde706be13f2dec5a42b52b1c1d1cbb90c8e405c68d0755134735c8dc6",
                "sha256:8898a66425a57bcf15e25fc19c12490b87bd939800f39a03ea2de2aea5e3611a",
                "sha256:8acd7d34af70ee63f9a849f957558e49a98f8f1634f86a59d2be62bb8e93f71c",
                "sha256:932c905b71a56474bff8a9c014030bc3c882cee696b448af920399f730a650c2",
                "sha256:a1752eca64c60852f38bb29e2c86fca30d7672c024128ef5d70cc15868fa10f4",
                "sha256:a3804675283f4764a02db05f5191eb8fec2bb6ca34d466167fc78a5f05bbe6b3",
                "sha256:a4e74c522d630766b03a836c15bff77cb657c5fdf098abf8b1ada2aebc7d0819",
                "sha256:a915597ffccabe902e7090e199a7bf7a381c5506a747d5e9d27ba55197a2c568",
                "sha256:b7aa25fc0baa5b1d95b7633af4f5f1838467f1815442b22487426f94e0d66c53",
                "sha256:cc2269ab4bce40b027b49663d61d816903a4bd90ad88cb99ed561aadb3888dd3",
                "sha256:d5ebe0763c982f069d3877832254f64974139f4f9655058452603ff559c482e8",
                "sha256:dad9bf36eda068e89059d1f07408e397856be9511d7113ea4b586642a429a4fd",
                "sha256:de18954104667f565e2fbb4783b56667f30fb49c4d79b346f52a29cb198d5b6b",
                "sha256:f35e442630bc4bc2e1878482d6f59ea22e280d7121d7adeaedba58c23ab6386b",
                "sha256:f7787e0d469bdae763b876174cf2e6c0f7be79808af26b1da96f1a64bcf47297",
                "sha256:ff99f952db3db2fbe98a0b355175f93ec334ba3d01bbde25ad3a5a33abc02b58"
            ],
            "index": "pypi",
            "markers": "python_version >= '2.7' and python_version not in '3.0, 3.1, 3.2, 3.3, 3.4, 3.5'",
            "version": "==3.21.0"
        },
        "pyotp": {
            "hashes": [
                "sha256:346b6642e0dbdde3b4ff5a930b664ca82abfa116356ed48cc42c7d6590d36f63",
                "sha256:81c2e5865b8ac55e825b0358e496e1d9387c811e85bb40e71a3b29b288963612"
            ],
            "index": "pypi",
            "markers": "python_version >= '3.7'",
            "version": "==2.9.0"
        },
        "pyqrcode": {
            "hashes": [
                "sha256:1b2812775fa6ff5c527977c4cd2ccb07051ca7d0bc0aecf937a43864abe5eff6",
                "sha256:fdbf7634733e56b72e27f9bce46e4550b75a3a2c420414035cae9d9d26b234d5"
            ],
            "index": "pypi",
            "version": "==1.2.1"
        }
    },
    "develop": {}
}
